// !$*UTF8*$!
{
	archiveVersion = 1;
	classes = {
	};
	objectVersion = 46;
	objects = {

/* Begin PBXBuildFile section */
		607FACEC1AFB9204008FA782 /* Tests.swift in Sources */ = {isa = PBXBuildFile; fileRef = 607FACEB1AFB9204008FA782 /* Tests.swift */; };
		ED1E05B5E254C33F26471990 /* Pods_SwifterKit_Tests.framework in Frameworks */ = {isa = PBXBuildFile; fileRef = 002A76A65589D6C02143B6CA /* Pods_SwifterKit_Tests.framework */; };
/* End PBXBuildFile section */

/* Begin PBXFileReference section */
		002A76A65589D6C02143B6CA /* Pods_SwifterKit_Tests.framework */ = {isa = PBXFileReference; explicitFileType = wrapper.framework; includeInIndex = 0; path = Pods_SwifterKit_Tests.framework; sourceTree = BUILT_PRODUCTS_DIR; };
		04E58CC31F234E5D69A100A5 /* SwifterKit.podspec */ = {isa = PBXFileReference; includeInIndex = 1; lastKnownFileType = text; name = SwifterKit.podspec; path = ../SwifterKit.podspec; sourceTree = "<group>"; xcLanguageSpecificationIdentifier = xcode.lang.ruby; };
		3BA5E6CBABB97D8FED68C9A2 /* README.md */ = {isa = PBXFileReference; includeInIndex = 1; lastKnownFileType = net.daringfireball.markdown; name = README.md; path = ../README.md; sourceTree = "<group>"; };
		4B3F68C52395EBFD982AA4AD /* LICENSE */ = {isa = PBXFileReference; includeInIndex = 1; lastKnownFileType = text; name = LICENSE; path = ../LICENSE; sourceTree = "<group>"; };
		5923826F664636361028851D /* Pods-SwifterKit_Tests.debug.xcconfig */ = {isa = PBXFileReference; includeInIndex = 1; lastKnownFileType = text.xcconfig; name = "Pods-SwifterKit_Tests.debug.xcconfig"; path = "Target Support Files/Pods-SwifterKit_Tests/Pods-SwifterKit_Tests.debug.xcconfig"; sourceTree = "<group>"; };
		607FACE51AFB9204008FA782 /* SwifterKit_Tests.xctest */ = {isa = PBXFileReference; explicitFileType = wrapper.cfbundle; includeInIndex = 0; path = SwifterKit_Tests.xctest; sourceTree = BUILT_PRODUCTS_DIR; };
		607FACEA1AFB9204008FA782 /* Info.plist */ = {isa = PBXFileReference; lastKnownFileType = text.plist.xml; path = Info.plist; sourceTree = "<group>"; };
		607FACEB1AFB9204008FA782 /* Tests.swift */ = {isa = PBXFileReference; lastKnownFileType = sourcecode.swift; path = Tests.swift; sourceTree = "<group>"; };
		6FD032F8C94B5C909952BF2E /* Pods-SwifterKit_Tests.release.xcconfig */ = {isa = PBXFileReference; includeInIndex = 1; lastKnownFileType = text.xcconfig; name = "Pods-SwifterKit_Tests.release.xcconfig"; path = "Target Support Files/Pods-SwifterKit_Tests/Pods-SwifterKit_Tests.release.xcconfig"; sourceTree = "<group>"; };
		C41C50792673066B00FE8FFE /* Device+Extensions.swift */ = {isa = PBXFileReference; lastKnownFileType = sourcecode.swift; path = "Device+Extensions.swift"; sourceTree = "<group>"; };
		C48DDF05264E298200575E33 /* .gitkeep */ = {isa = PBXFileReference; lastKnownFileType = text; path = .gitkeep; sourceTree = "<group>"; };
		C48DDF09264E298200575E33 /* WKWebView+Extensions.swift */ = {isa = PBXFileReference; lastKnownFileType = sourcecode.swift; path = "WKWebView+Extensions.swift"; sourceTree = "<group>"; };
		C48DDF0D264E298200575E33 /* UIImageView+Extensions.swift */ = {isa = PBXFileReference; lastKnownFileType = sourcecode.swift; path = "UIImageView+Extensions.swift"; sourceTree = "<group>"; };
		C48DDF0E264E298200575E33 /* UIViewController+Extensions.swift */ = {isa = PBXFileReference; lastKnownFileType = sourcecode.swift; path = "UIViewController+Extensions.swift"; sourceTree = "<group>"; };
		C48DDF0F264E298200575E33 /* UIBezierPath+Extensions.swift */ = {isa = PBXFileReference; lastKnownFileType = sourcecode.swift; path = "UIBezierPath+Extensions.swift"; sourceTree = "<group>"; };
		C48DDF10264E298200575E33 /* UIButton+Extensions.swift */ = {isa = PBXFileReference; lastKnownFileType = sourcecode.swift; path = "UIButton+Extensions.swift"; sourceTree = "<group>"; };
		C48DDF11264E298200575E33 /* UIView+Extensions.swift */ = {isa = PBXFileReference; lastKnownFileType = sourcecode.swift; path = "UIView+Extensions.swift"; sourceTree = "<group>"; };
		C48DDF12264E298200575E33 /* UIPasteboard+Extensions.swift */ = {isa = PBXFileReference; lastKnownFileType = sourcecode.swift; path = "UIPasteboard+Extensions.swift"; sourceTree = "<group>"; };
		C48DDF13264E298200575E33 /* UIFont+Extensions.swift */ = {isa = PBXFileReference; lastKnownFileType = sourcecode.swift; path = "UIFont+Extensions.swift"; sourceTree = "<group>"; };
		C48DDF14264E298200575E33 /* UITextView+Extensions.swift */ = {isa = PBXFileReference; lastKnownFileType = sourcecode.swift; path = "UITextView+Extensions.swift"; sourceTree = "<group>"; };
		C48DDF15264E298200575E33 /* UIColor+Extensions.swift */ = {isa = PBXFileReference; lastKnownFileType = sourcecode.swift; path = "UIColor+Extensions.swift"; sourceTree = "<group>"; };
		C48DDF16264E298200575E33 /* UIImage+Extensions.swift */ = {isa = PBXFileReference; lastKnownFileType = sourcecode.swift; path = "UIImage+Extensions.swift"; sourceTree = "<group>"; };
		C48DDF17264E298200575E33 /* UINavigationBar+Extensions.swift */ = {isa = PBXFileReference; lastKnownFileType = sourcecode.swift; path = "UINavigationBar+Extensions.swift"; sourceTree = "<group>"; };
		C48DDF18264E298200575E33 /* UIDevice+Extensions.swift */ = {isa = PBXFileReference; lastKnownFileType = sourcecode.swift; path = "UIDevice+Extensions.swift"; sourceTree = "<group>"; };
		C48DDF19264E298200575E33 /* UISearchBar+Extensions.swift */ = {isa = PBXFileReference; lastKnownFileType = sourcecode.swift; path = "UISearchBar+Extensions.swift"; sourceTree = "<group>"; };
		C48DDF1A264E298200575E33 /* UIAlertController+Extensions.swift */ = {isa = PBXFileReference; lastKnownFileType = sourcecode.swift; path = "UIAlertController+Extensions.swift"; sourceTree = "<group>"; };
		C48DDF1B264E298200575E33 /* UIScreen+Extensions.swift */ = {isa = PBXFileReference; lastKnownFileType = sourcecode.swift; path = "UIScreen+Extensions.swift"; sourceTree = "<group>"; };
		C48DDF1C264E298200575E33 /* UIWindow+Extensions.swift */ = {isa = PBXFileReference; lastKnownFileType = sourcecode.swift; path = "UIWindow+Extensions.swift"; sourceTree = "<group>"; };
		C48DDF1D264E298200575E33 /* UIStackView+Extensions.swift */ = {isa = PBXFileReference; lastKnownFileType = sourcecode.swift; path = "UIStackView+Extensions.swift"; sourceTree = "<group>"; };
		C48DDF1E264E298200575E33 /* UIToolbar+Extensions.swift */ = {isa = PBXFileReference; lastKnownFileType = sourcecode.swift; path = "UIToolbar+Extensions.swift"; sourceTree = "<group>"; };
		C48DDF1F264E298200575E33 /* UIBarButtonItem+Extensions.swift */ = {isa = PBXFileReference; lastKnownFileType = sourcecode.swift; path = "UIBarButtonItem+Extensions.swift"; sourceTree = "<group>"; };
		C48DDF20264E298200575E33 /* UITableView+Extensions.swift */ = {isa = PBXFileReference; lastKnownFileType = sourcecode.swift; path = "UITableView+Extensions.swift"; sourceTree = "<group>"; };
		C48DDF21264E298200575E33 /* UIScrollView+Extensions.swift */ = {isa = PBXFileReference; lastKnownFileType = sourcecode.swift; path = "UIScrollView+Extensions.swift"; sourceTree = "<group>"; };
		C48DDF23264E298200575E33 /* UILabel+Extensions.swift */ = {isa = PBXFileReference; lastKnownFileType = sourcecode.swift; path = "UILabel+Extensions.swift"; sourceTree = "<group>"; };
		C48DDF24264E298200575E33 /* UICollectionView+Extensions.swift */ = {isa = PBXFileReference; lastKnownFileType = sourcecode.swift; path = "UICollectionView+Extensions.swift"; sourceTree = "<group>"; };
		C48DDF25264E298200575E33 /* UITextField+Extensions.swift */ = {isa = PBXFileReference; lastKnownFileType = sourcecode.swift; path = "UITextField+Extensions.swift"; sourceTree = "<group>"; };
		C48DDF27264E298200575E33 /* SFDataStructures.swift */ = {isa = PBXFileReference; lastKnownFileType = sourcecode.swift; path = SFDataStructures.swift; sourceTree = "<group>"; };
		C48DDF28264E298200575E33 /* SFDebuLog.swift */ = {isa = PBXFileReference; lastKnownFileType = sourcecode.swift; path = SFDebuLog.swift; sourceTree = "<group>"; };
		C48DDF29264E298200575E33 /* SFKit.swift */ = {isa = PBXFileReference; lastKnownFileType = sourcecode.swift; path = SFKit.swift; sourceTree = "<group>"; };
		C48DDF2A264E298200575E33 /* SFBiometrics.swift */ = {isa = PBXFileReference; lastKnownFileType = sourcecode.swift; path = SFBiometrics.swift; sourceTree = "<group>"; };
		C48DDF2B264E298200575E33 /* SFPassword.swift */ = {isa = PBXFileReference; lastKnownFileType = sourcecode.swift; path = SFPassword.swift; sourceTree = "<group>"; };
		C48DDF2C264E298200575E33 /* SFSystemSound.swift */ = {isa = PBXFileReference; lastKnownFileType = sourcecode.swift; path = SFSystemSound.swift; sourceTree = "<group>"; };
		C48DDF2D264E298200575E33 /* SFApp.swift */ = {isa = PBXFileReference; lastKnownFileType = sourcecode.swift; path = SFApp.swift; sourceTree = "<group>"; };
		C48DDF31264E298200575E33 /* Array+Extensions.swift */ = {isa = PBXFileReference; lastKnownFileType = sourcecode.swift; path = "Array+Extensions.swift"; sourceTree = "<group>"; };
		C48DDF32264E298200575E33 /* NSPointerArray+Extensions.swift */ = {isa = PBXFileReference; lastKnownFileType = sourcecode.swift; path = "NSPointerArray+Extensions.swift"; sourceTree = "<group>"; };
		C48DDF34264E298200575E33 /* String+Extensions.swift */ = {isa = PBXFileReference; lastKnownFileType = sourcecode.swift; path = "String+Extensions.swift"; sourceTree = "<group>"; };
		C48DDF35264E298200575E33 /* NSAttributedString+Extensions.swift */ = {isa = PBXFileReference; lastKnownFileType = sourcecode.swift; path = "NSAttributedString+Extensions.swift"; sourceTree = "<group>"; };
		C48DDF36264E298200575E33 /* FileManager+Extensions.swift */ = {isa = PBXFileReference; lastKnownFileType = sourcecode.swift; path = "FileManager+Extensions.swift"; sourceTree = "<group>"; };
		C48DDF37264E298300575E33 /* ProcessInfo+Extensions.swift */ = {isa = PBXFileReference; lastKnownFileType = sourcecode.swift; path = "ProcessInfo+Extensions.swift"; sourceTree = "<group>"; };
		C48DDF38264E298300575E33 /* NSObject+Extensions.swift */ = {isa = PBXFileReference; lastKnownFileType = sourcecode.swift; path = "NSObject+Extensions.swift"; sourceTree = "<group>"; };
		C48DDF39264E298300575E33 /* UserDefaults+Extensions.swift */ = {isa = PBXFileReference; lastKnownFileType = sourcecode.swift; path = "UserDefaults+Extensions.swift"; sourceTree = "<group>"; };
		C48DDF3A264E298300575E33 /* Set+Extensions.swift */ = {isa = PBXFileReference; lastKnownFileType = sourcecode.swift; path = "Set+Extensions.swift"; sourceTree = "<group>"; };
		C48DDF3B264E298300575E33 /* Dictionary+Extensions.swift */ = {isa = PBXFileReference; lastKnownFileType = sourcecode.swift; path = "Dictionary+Extensions.swift"; sourceTree = "<group>"; };
		C48DDF3C264E298300575E33 /* Number+Extensions.swift */ = {isa = PBXFileReference; lastKnownFileType = sourcecode.swift; path = "Number+Extensions.swift"; sourceTree = "<group>"; };
		C48DDF3D264E298300575E33 /* Date+Extensions.swift */ = {isa = PBXFileReference; lastKnownFileType = sourcecode.swift; path = "Date+Extensions.swift"; sourceTree = "<group>"; };
		C48DDF3E264E298300575E33 /* Data+Extensions.swift */ = {isa = PBXFileReference; lastKnownFileType = sourcecode.swift; path = "Data+Extensions.swift"; sourceTree = "<group>"; };
		C48DDF3F264E298300575E33 /* Collection+Extensions.swift */ = {isa = PBXFileReference; lastKnownFileType = sourcecode.swift; path = "Collection+Extensions.swift"; sourceTree = "<group>"; };
		C48DDF42264E298300575E33 /* CLVisit+Extensions.swift */ = {isa = PBXFileReference; lastKnownFileType = sourcecode.swift; path = "CLVisit+Extensions.swift"; sourceTree = "<group>"; };
		C48DDF43264E298300575E33 /* CLLocation+Extensions.swift */ = {isa = PBXFileReference; lastKnownFileType = sourcecode.swift; path = "CLLocation+Extensions.swift"; sourceTree = "<group>"; };
		C48DDF44264E298300575E33 /* CLLocationArray+Extensions.swift */ = {isa = PBXFileReference; lastKnownFileType = sourcecode.swift; path = "CLLocationArray+Extensions.swift"; sourceTree = "<group>"; };
		C48DDF49264E298300575E33 /* .gitkeep */ = {isa = PBXFileReference; lastKnownFileType = text; path = .gitkeep; sourceTree = "<group>"; };
/* End PBXFileReference section */

/* Begin PBXFrameworksBuildPhase section */
		607FACE21AFB9204008FA782 /* Frameworks */ = {
			isa = PBXFrameworksBuildPhase;
			buildActionMask = 2147483647;
			files = (
				ED1E05B5E254C33F26471990 /* Pods_SwifterKit_Tests.framework in Frameworks */,
			);
			runOnlyForDeploymentPostprocessing = 0;
		};
/* End PBXFrameworksBuildPhase section */

/* Begin PBXGroup section */
		44CFE0504E1BA77F9C619A22 /* Frameworks */ = {
			isa = PBXGroup;
			children = (
				002A76A65589D6C02143B6CA /* Pods_SwifterKit_Tests.framework */,
			);
			name = Frameworks;
			sourceTree = "<group>";
		};
		607FACC71AFB9204008FA782 = {
			isa = PBXGroup;
			children = (
				607FACF51AFB993E008FA782 /* Podspec Metadata */,
				607FACE81AFB9204008FA782 /* Tests */,
				607FACD11AFB9204008FA782 /* Products */,
				DCC302EEAD47AA352E26DBD5 /* Pods */,
				44CFE0504E1BA77F9C619A22 /* Frameworks */,
			);
			sourceTree = "<group>";
		};
		607FACD11AFB9204008FA782 /* Products */ = {
			isa = PBXGroup;
			children = (
				607FACE51AFB9204008FA782 /* SwifterKit_Tests.xctest */,
			);
			name = Products;
			sourceTree = "<group>";
		};
		607FACE81AFB9204008FA782 /* Tests */ = {
			isa = PBXGroup;
			children = (
				607FACEB1AFB9204008FA782 /* Tests.swift */,
				607FACE91AFB9204008FA782 /* Supporting Files */,
			);
			path = Tests;
			sourceTree = "<group>";
		};
		607FACE91AFB9204008FA782 /* Supporting Files */ = {
			isa = PBXGroup;
			children = (
				607FACEA1AFB9204008FA782 /* Info.plist */,
			);
			name = "Supporting Files";
			sourceTree = "<group>";
		};
		607FACF51AFB993E008FA782 /* Podspec Metadata */ = {
			isa = PBXGroup;
			children = (
				C48DDF03264E298200575E33 /* SwifterKit */,
				04E58CC31F234E5D69A100A5 /* SwifterKit.podspec */,
				3BA5E6CBABB97D8FED68C9A2 /* README.md */,
				4B3F68C52395EBFD982AA4AD /* LICENSE */,
			);
			name = "Podspec Metadata";
			sourceTree = "<group>";
		};
		C48DDF03264E298200575E33 /* SwifterKit */ = {
			isa = PBXGroup;
			children = (
				C48DDF04264E298200575E33 /* Classes */,
				C48DDF48264E298300575E33 /* Assets */,
			);
			name = SwifterKit;
			path = ../SwifterKit;
			sourceTree = "<group>";
		};
		C48DDF04264E298200575E33 /* Classes */ = {
			isa = PBXGroup;
			children = (
				C48DDF05264E298200575E33 /* .gitkeep */,
				C48DDF06264E298200575E33 /* Sources */,
			);
			path = Classes;
			sourceTree = "<group>";
		};
		C48DDF06264E298200575E33 /* Sources */ = {
			isa = PBXGroup;
			children = (
				C48DDF07264E298200575E33 /* Apple */,
			);
			path = Sources;
			sourceTree = "<group>";
		};
		C48DDF07264E298200575E33 /* Apple */ = {
			isa = PBXGroup;
			children = (
				C48DDF08264E298200575E33 /* WebKit */,
				C48DDF0C264E298200575E33 /* UIKit */,
				C48DDF26264E298200575E33 /* SwifterKit */,
				C48DDF30264E298200575E33 /* Foundation */,
				C48DDF41264E298300575E33 /* CoreLocation */,
			);
			path = Apple;
			sourceTree = "<group>";
		};
		C48DDF08264E298200575E33 /* WebKit */ = {
			isa = PBXGroup;
			children = (
				C48DDF09264E298200575E33 /* WKWebView+Extensions.swift */,
			);
			path = WebKit;
			sourceTree = "<group>";
		};
		C48DDF0C264E298200575E33 /* UIKit */ = {
			isa = PBXGroup;
			children = (
				C48DDF0D264E298200575E33 /* UIImageView+Extensions.swift */,
				C48DDF0E264E298200575E33 /* UIViewController+Extensions.swift */,
				C48DDF0F264E298200575E33 /* UIBezierPath+Extensions.swift */,
				C48DDF10264E298200575E33 /* UIButton+Extensions.swift */,
				C48DDF11264E298200575E33 /* UIView+Extensions.swift */,
				C48DDF12264E298200575E33 /* UIPasteboard+Extensions.swift */,
				C48DDF13264E298200575E33 /* UIFont+Extensions.swift */,
				C48DDF14264E298200575E33 /* UITextView+Extensions.swift */,
				C48DDF15264E298200575E33 /* UIColor+Extensions.swift */,
				C48DDF16264E298200575E33 /* UIImage+Extensions.swift */,
				C48DDF17264E298200575E33 /* UINavigationBar+Extensions.swift */,
				C48DDF18264E298200575E33 /* UIDevice+Extensions.swift */,
				C48DDF19264E298200575E33 /* UISearchBar+Extensions.swift */,
				C48DDF1A264E298200575E33 /* UIAlertController+Extensions.swift */,
				C48DDF1B264E298200575E33 /* UIScreen+Extensions.swift */,
				C48DDF1C264E298200575E33 /* UIWindow+Extensions.swift */,
				C48DDF1D264E298200575E33 /* UIStackView+Extensions.swift */,
				C48DDF1E264E298200575E33 /* UIToolbar+Extensions.swift */,
				C48DDF1F264E298200575E33 /* UIBarButtonItem+Extensions.swift */,
				C48DDF20264E298200575E33 /* UITableView+Extensions.swift */,
				C48DDF21264E298200575E33 /* UIScrollView+Extensions.swift */,
				C48DDF23264E298200575E33 /* UILabel+Extensions.swift */,
				C48DDF24264E298200575E33 /* UICollectionView+Extensions.swift */,
				C48DDF25264E298200575E33 /* UITextField+Extensions.swift */,
			);
			path = UIKit;
			sourceTree = "<group>";
		};
		C48DDF26264E298200575E33 /* SwifterKit */ = {
			isa = PBXGroup;
			children = (
				C48DDF27264E298200575E33 /* SFDataStructures.swift */,
				C48DDF28264E298200575E33 /* SFDebuLog.swift */,
				C48DDF29264E298200575E33 /* SFKit.swift */,
				C48DDF2A264E298200575E33 /* SFBiometrics.swift */,
				C48DDF2B264E298200575E33 /* SFPassword.swift */,
				C48DDF2C264E298200575E33 /* SFSystemSound.swift */,
				C48DDF2D264E298200575E33 /* SFApp.swift */,
			);
			path = SwifterKit;
			sourceTree = "<group>";
		};
		C48DDF30264E298200575E33 /* Foundation */ = {
			isa = PBXGroup;
			children = (
				C41C50792673066B00FE8FFE /* Device+Extensions.swift */,
				C48DDF31264E298200575E33 /* Array+Extensions.swift */,
				C48DDF32264E298200575E33 /* NSPointerArray+Extensions.swift */,
				C48DDF34264E298200575E33 /* String+Extensions.swift */,
				C48DDF35264E298200575E33 /* NSAttributedString+Extensions.swift */,
				C48DDF36264E298200575E33 /* FileManager+Extensions.swift */,
				C48DDF37264E298300575E33 /* ProcessInfo+Extensions.swift */,
				C48DDF38264E298300575E33 /* NSObject+Extensions.swift */,
				C48DDF39264E298300575E33 /* UserDefaults+Extensions.swift */,
				C48DDF3A264E298300575E33 /* Set+Extensions.swift */,
				C48DDF3B264E298300575E33 /* Dictionary+Extensions.swift */,
				C48DDF3C264E298300575E33 /* Number+Extensions.swift */,
				C48DDF3D264E298300575E33 /* Date+Extensions.swift */,
				C48DDF3E264E298300575E33 /* Data+Extensions.swift */,
				C48DDF3F264E298300575E33 /* Collection+Extensions.swift */,
			);
			path = Foundation;
			sourceTree = "<group>";
		};
		C48DDF41264E298300575E33 /* CoreLocation */ = {
			isa = PBXGroup;
			children = (
				C48DDF42264E298300575E33 /* CLVisit+Extensions.swift */,
				C48DDF43264E298300575E33 /* CLLocation+Extensions.swift */,
				C48DDF44264E298300575E33 /* CLLocationArray+Extensions.swift */,
			);
			path = CoreLocation;
			sourceTree = "<group>";
		};
		C48DDF48264E298300575E33 /* Assets */ = {
			isa = PBXGroup;
			children = (
				C48DDF49264E298300575E33 /* .gitkeep */,
			);
			path = Assets;
			sourceTree = "<group>";
		};
		DCC302EEAD47AA352E26DBD5 /* Pods */ = {
			isa = PBXGroup;
			children = (
				5923826F664636361028851D /* Pods-SwifterKit_Tests.debug.xcconfig */,
				6FD032F8C94B5C909952BF2E /* Pods-SwifterKit_Tests.release.xcconfig */,
			);
			path = Pods;
			sourceTree = "<group>";
		};
/* End PBXGroup section */

/* Begin PBXNativeTarget section */
		607FACE41AFB9204008FA782 /* SwifterKit_Tests */ = {
			isa = PBXNativeTarget;
			buildConfigurationList = 607FACF21AFB9204008FA782 /* Build configuration list for PBXNativeTarget "SwifterKit_Tests" */;
			buildPhases = (
				9EB22E28C0D03D873C51BB9D /* [CP] Check Pods Manifest.lock */,
				607FACE11AFB9204008FA782 /* Sources */,
				607FACE21AFB9204008FA782 /* Frameworks */,
				607FACE31AFB9204008FA782 /* Resources */,
				7AA9329657FF3A50D1C38E42 /* [CP] Embed Pods Frameworks */,
			);
			buildRules = (
			);
			dependencies = (
			);
			name = SwifterKit_Tests;
			productName = Tests;
			productReference = 607FACE51AFB9204008FA782 /* SwifterKit_Tests.xctest */;
			productType = "com.apple.product-type.bundle.unit-test";
		};
/* End PBXNativeTarget section */

/* Begin PBXProject section */
		607FACC81AFB9204008FA782 /* Project object */ = {
			isa = PBXProject;
			attributes = {
				LastSwiftUpdateCheck = 0830;
				LastUpgradeCheck = 0830;
				ORGANIZATIONNAME = CocoaPods;
				TargetAttributes = {
					607FACE41AFB9204008FA782 = {
						CreatedOnToolsVersion = 6.3.1;
						LastSwiftMigration = 0900;
						TestTargetID = 607FACCF1AFB9204008FA782;
					};
				};
			};
			buildConfigurationList = 607FACCB1AFB9204008FA782 /* Build configuration list for PBXProject "SwifterKit" */;
			compatibilityVersion = "Xcode 3.2";
			developmentRegion = English;
			hasScannedForEncodings = 0;
			knownRegions = (
				English,
				en,
				Base,
			);
			mainGroup = 607FACC71AFB9204008FA782;
			productRefGroup = 607FACD11AFB9204008FA782 /* Products */;
			projectDirPath = "";
			projectRoot = "";
			targets = (
				607FACE41AFB9204008FA782 /* SwifterKit_Tests */,
			);
		};
/* End PBXProject section */

/* Begin PBXResourcesBuildPhase section */
		607FACE31AFB9204008FA782 /* Resources */ = {
			isa = PBXResourcesBuildPhase;
			buildActionMask = 2147483647;
			files = (
			);
			runOnlyForDeploymentPostprocessing = 0;
		};
/* End PBXResourcesBuildPhase section */

/* Begin PBXShellScriptBuildPhase section */
		7AA9329657FF3A50D1C38E42 /* [CP] Embed Pods Frameworks */ = {
			isa = PBXShellScriptBuildPhase;
			buildActionMask = 2147483647;
			files = (
			);
			inputPaths = (
				"${PODS_ROOT}/Target Support Files/Pods-SwifterKit_Tests/Pods-SwifterKit_Tests-frameworks.sh",
				"${BUILT_PRODUCTS_DIR}/SwifterKit/SwifterKit.framework",
			);
			name = "[CP] Embed Pods Frameworks";
			outputPaths = (
				"${TARGET_BUILD_DIR}/${FRAMEWORKS_FOLDER_PATH}/SwifterKit.framework",
			);
			runOnlyForDeploymentPostprocessing = 0;
			shellPath = /bin/sh;
			shellScript = "\"${PODS_ROOT}/Target Support Files/Pods-SwifterKit_Tests/Pods-SwifterKit_Tests-frameworks.sh\"\n";
			showEnvVarsInLog = 0;
		};
		9EB22E28C0D03D873C51BB9D /* [CP] Check Pods Manifest.lock */ = {
			isa = PBXShellScriptBuildPhase;
			buildActionMask = 2147483647;
			files = (
			);
			inputFileListPaths = (
			);
			inputPaths = (
				"${PODS_PODFILE_DIR_PATH}/Podfile.lock",
				"${PODS_ROOT}/Manifest.lock",
			);
			name = "[CP] Check Pods Manifest.lock";
			outputFileListPaths = (
			);
			outputPaths = (
				"$(DERIVED_FILE_DIR)/Pods-SwifterKit_Tests-checkManifestLockResult.txt",
			);
			runOnlyForDeploymentPostprocessing = 0;
			shellPath = /bin/sh;
			shellScript = "diff \"${PODS_PODFILE_DIR_PATH}/Podfile.lock\" \"${PODS_ROOT}/Manifest.lock\" > /dev/null\nif [ $? != 0 ] ; then\n    # print error to STDERR\n    echo \"error: The sandbox is not in sync with the Podfile.lock. Run 'pod install' or update your CocoaPods installation.\" >&2\n    exit 1\nfi\n# This output is used by Xcode 'outputs' to avoid re-running this script phase.\necho \"SUCCESS\" > \"${SCRIPT_OUTPUT_FILE_0}\"\n";
			showEnvVarsInLog = 0;
		};
/* End PBXShellScriptBuildPhase section */

/* Begin PBXSourcesBuildPhase section */
		607FACE11AFB9204008FA782 /* Sources */ = {
			isa = PBXSourcesBuildPhase;
			buildActionMask = 2147483647;
			files = (
				607FACEC1AFB9204008FA782 /* Tests.swift in Sources */,
			);
			runOnlyForDeploymentPostprocessing = 0;
		};
/* End PBXSourcesBuildPhase section */

/* Begin XCBuildConfiguration section */
		607FACED1AFB9204008FA782 /* Debug */ = {
			isa = XCBuildConfiguration;
			buildSettings = {
				ALWAYS_SEARCH_USER_PATHS = NO;
				CLANG_CXX_LANGUAGE_STANDARD = "gnu++0x";
				CLANG_CXX_LIBRARY = "libc++";
				CLANG_ENABLE_MODULES = YES;
				CLANG_ENABLE_OBJC_ARC = YES;
				CLANG_WARN_BLOCK_CAPTURE_AUTORELEASING = YES;
				CLANG_WARN_BOOL_CONVERSION = YES;
				CLANG_WARN_COMMA = YES;
				CLANG_WARN_CONSTANT_CONVERSION = YES;
				CLANG_WARN_DIRECT_OBJC_ISA_USAGE = YES_ERROR;
				CLANG_WARN_EMPTY_BODY = YES;
				CLANG_WARN_ENUM_CONVERSION = YES;
				CLANG_WARN_INFINITE_RECURSION = YES;
				CLANG_WARN_INT_CONVERSION = YES;
				CLANG_WARN_NON_LITERAL_NULL_CONVERSION = YES;
				CLANG_WARN_OBJC_LITERAL_CONVERSION = YES;
				CLANG_WARN_OBJC_ROOT_CLASS = YES_ERROR;
				CLANG_WARN_RANGE_LOOP_ANALYSIS = YES;
				CLANG_WARN_STRICT_PROTOTYPES = YES;
				CLANG_WARN_SUSPICIOUS_MOVE = YES;
				CLANG_WARN_UNREACHABLE_CODE = YES;
				CLANG_WARN__DUPLICATE_METHOD_MATCH = YES;
				"CODE_SIGN_IDENTITY[sdk=iphoneos*]" = "iPhone Developer";
				COPY_PHASE_STRIP = NO;
				DEBUG_INFORMATION_FORMAT = "dwarf-with-dsym";
				ENABLE_STRICT_OBJC_MSGSEND = YES;
				ENABLE_TESTABILITY = YES;
				GCC_C_LANGUAGE_STANDARD = gnu99;
				GCC_DYNAMIC_NO_PIC = NO;
				GCC_NO_COMMON_BLOCKS = YES;
				GCC_OPTIMIZATION_LEVEL = 0;
				GCC_PREPROCESSOR_DEFINITIONS = (
					"DEBUG=1",
					"$(inherited)",
				);
				GCC_SYMBOLS_PRIVATE_EXTERN = NO;
				GCC_WARN_64_TO_32_BIT_CONVERSION = YES;
				GCC_WARN_ABOUT_RETURN_TYPE = YES_ERROR;
				GCC_WARN_UNDECLARED_SELECTOR = YES;
				GCC_WARN_UNINITIALIZED_AUTOS = YES_AGGRESSIVE;
				GCC_WARN_UNUSED_FUNCTION = YES;
				GCC_WARN_UNUSED_VARIABLE = YES;
				IPHONEOS_DEPLOYMENT_TARGET = 10.0;
				MTL_ENABLE_DEBUG_INFO = YES;
				ONLY_ACTIVE_ARCH = YES;
				SDKROOT = iphoneos;
				SWIFT_OPTIMIZATION_LEVEL = "-Onone";
			};
			name = Debug;
		};
		607FACEE1AFB9204008FA782 /* Release */ = {
			isa = XCBuildConfiguration;
			buildSettings = {
				ALWAYS_SEARCH_USER_PATHS = NO;
				CLANG_CXX_LANGUAGE_STANDARD = "gnu++0x";
				CLANG_CXX_LIBRARY = "libc++";
				CLANG_ENABLE_MODULES = YES;
				CLANG_ENABLE_OBJC_ARC = YES;
				CLANG_WARN_BLOCK_CAPTURE_AUTORELEASING = YES;
				CLANG_WARN_BOOL_CONVERSION = YES;
				CLANG_WARN_COMMA = YES;
				CLANG_WARN_CONSTANT_CONVERSION = YES;
				CLANG_WARN_DIRECT_OBJC_ISA_USAGE = YES_ERROR;
				CLANG_WARN_EMPTY_BODY = YES;
				CLANG_WARN_ENUM_CONVERSION = YES;
				CLANG_WARN_INFINITE_RECURSION = YES;
				CLANG_WARN_INT_CONVERSION = YES;
				CLANG_WARN_NON_LITERAL_NULL_CONVERSION = YES;
				CLANG_WARN_OBJC_LITERAL_CONVERSION = YES;
				CLANG_WARN_OBJC_ROOT_CLASS = YES_ERROR;
				CLANG_WARN_RANGE_LOOP_ANALYSIS = YES;
				CLANG_WARN_STRICT_PROTOTYPES = YES;
				CLANG_WARN_SUSPICIOUS_MOVE = YES;
				CLANG_WARN_UNREACHABLE_CODE = YES;
				CLANG_WARN__DUPLICATE_METHOD_MATCH = YES;
				"CODE_SIGN_IDENTITY[sdk=iphoneos*]" = "iPhone Developer";
				COPY_PHASE_STRIP = NO;
				DEBUG_INFORMATION_FORMAT = "dwarf-with-dsym";
				ENABLE_NS_ASSERTIONS = NO;
				ENABLE_STRICT_OBJC_MSGSEND = YES;
				GCC_C_LANGUAGE_STANDARD = gnu99;
				GCC_NO_COMMON_BLOCKS = YES;
				GCC_WARN_64_TO_32_BIT_CONVERSION = YES;
				GCC_WARN_ABOUT_RETURN_TYPE = YES_ERROR;
				GCC_WARN_UNDECLARED_SELECTOR = YES;
				GCC_WARN_UNINITIALIZED_AUTOS = YES_AGGRESSIVE;
				GCC_WARN_UNUSED_FUNCTION = YES;
				GCC_WARN_UNUSED_VARIABLE = YES;
				IPHONEOS_DEPLOYMENT_TARGET = 10.0;
				MTL_ENABLE_DEBUG_INFO = NO;
				SDKROOT = iphoneos;
				SWIFT_OPTIMIZATION_LEVEL = "-Owholemodule";
				VALIDATE_PRODUCT = YES;
			};
			name = Release;
		};
		607FACF31AFB9204008FA782 /* Debug */ = {
			isa = XCBuildConfiguration;
			baseConfigurationReference = 5923826F664636361028851D /* Pods-SwifterKit_Tests.debug.xcconfig */;
			buildSettings = {
				FRAMEWORK_SEARCH_PATHS = (
					"$(PLATFORM_DIR)/Developer/Library/Frameworks",
					"$(inherited)",
				);
				GCC_PREPROCESSOR_DEFINITIONS = (
					"DEBUG=1",
					"$(inherited)",
				);
				INFOPLIST_FILE = Tests/Info.plist;
				LD_RUNPATH_SEARCH_PATHS = "$(inherited) @executable_path/Frameworks @loader_path/Frameworks";
				PRODUCT_BUNDLE_IDENTIFIER = "org.cocoapods.$(PRODUCT_NAME:rfc1034identifier)";
				PRODUCT_NAME = "$(TARGET_NAME)";
				SWIFT_SWIFT3_OBJC_INFERENCE = Default;
				SWIFT_VERSION = 4.0;
				TEST_HOST = "$(BUILT_PRODUCTS_DIR)/SwifterKit_Example.app/SwifterKit_Example";
			};
			name = Debug;
		};
		607FACF41AFB9204008FA782 /* Release */ = {
			isa = XCBuildConfiguration;
			baseConfigurationReference = 6FD032F8C94B5C909952BF2E /* Pods-SwifterKit_Tests.release.xcconfig */;
			buildSettings = {
				FRAMEWORK_SEARCH_PATHS = (
					"$(PLATFORM_DIR)/Developer/Library/Frameworks",
					"$(inherited)",
				);
				INFOPLIST_FILE = Tests/Info.plist;
				LD_RUNPATH_SEARCH_PATHS = "$(inherited) @executable_path/Frameworks @loader_path/Frameworks";
				PRODUCT_BUNDLE_IDENTIFIER = "org.cocoapods.$(PRODUCT_NAME:rfc1034identifier)";
				PRODUCT_NAME = "$(TARGET_NAME)";
				SWIFT_SWIFT3_OBJC_INFERENCE = Default;
				SWIFT_VERSION = 4.0;
				TEST_HOST = "$(BUILT_PRODUCTS_DIR)/SwifterKit_Example.app/SwifterKit_Example";
			};
			name = Release;
		};
/* End XCBuildConfiguration section */

/* Begin XCConfigurationList section */
		607FACCB1AFB9204008FA782 /* Build configuration list for PBXProject "SwifterKit" */ = {
			isa = XCConfigurationList;
			buildConfigurations = (
				607FACED1AFB9204008FA782 /* Debug */,
				607FACEE1AFB9204008FA782 /* Release */,
			);
			defaultConfigurationIsVisible = 0;
			defaultConfigurationName = Release;
		};
		607FACF21AFB9204008FA782 /* Build configuration list for PBXNativeTarget "SwifterKit_Tests" */ = {
			isa = XCConfigurationList;
			buildConfigurations = (
				607FACF31AFB9204008FA782 /* Debug */,
				607FACF41AFB9204008FA782 /* Release */,
			);
			defaultConfigurationIsVisible = 0;
			defaultConfigurationName = Release;
		};
/* End XCConfigurationList section */
	};
	rootObject = 607FACC81AFB9204008FA782 /* Project object */;
}
